
Microsoft Visual Studio Solution File, Format Version 12.00
# Visual Studio Version 17
VisualStudioVersion = 17.12.35527.113 d17.12
MinimumVisualStudioVersion = 10.0.40219.1
Project("{FAE04EC0-301F-11D3-BF4B-00C04F79EFBC}") = "WebAppCatalogo", "WebAppCatalogo\WebAppCatalogo.csproj", "{FACD4FBA-5647-47DB-8ED3-6EE0F05153A6}"
EndProject
Project("{FAE04EC0-301F-11D3-BF4B-00C04F79EFBC}") = "dominio", "..\..\Pokedex-Web\Pokedex\dominio\dominio.csproj", "{D312E229-353A-4EF8-8A87-619C7448FFAF}"
EndProject
Project("{FAE04EC0-301F-11D3-BF4B-00C04F79EFBC}") = "negocio", "..\..\Pokedex-Web\Pokedex\negocio\negocio.csproj", "{489BBDFC-FFE6-42D1-AA7F-1AED93332624}"
EndProject
Global
	GlobalSection(SolutionConfigurationPlatforms) = preSolution
		Debug|Any CPU = Debug|Any CPU
		Release|Any CPU = Release|Any CPU
	EndGlobalSection
	GlobalSection(ProjectConfigurationPlatforms) = postSolution
		{FACD4FBA-5647-47DB-8ED3-6EE0F05153A6}.Debug|Any CPU.ActiveCfg = Debug|Any CPU
		{FACD4FBA-5647-47DB-8ED3-6EE0F05153A6}.Debug|Any CPU.Build.0 = Debug|Any CPU
		{FACD4FBA-5647-47DB-8ED3-6EE0F05153A6}.Release|Any CPU.ActiveCfg = Release|Any CPU
		{FACD4FBA-5647-47DB-8ED3-6EE0F05153A6}.Release|Any CPU.Build.0 = Release|Any CPU
		{D312E229-353A-4EF8-8A87-619C7448FFAF}.Debug|Any CPU.ActiveCfg = Debug|Any CPU
		{D312E229-353A-4EF8-8A87-619C7448FFAF}.Debug|Any CPU.Build.0 = Debug|Any CPU
		{D312E229-353A-4EF8-8A87-619C7448FFAF}.Release|Any CPU.ActiveCfg = Release|Any CPU
		{D312E229-353A-4EF8-8A87-619C7448FFAF}.Release|Any CPU.Build.0 = Release|Any CPU
		{489BBDFC-FFE6-42D1-AA7F-1AED93332624}.Debug|Any CPU.ActiveCfg = Debug|Any CPU
		{489BBDFC-FFE6-42D1-AA7F-1AED93332624}.Debug|Any CPU.Build.0 = Debug|Any CPU
		{489BBDFC-FFE6-42D1-AA7F-1AED93332624}.Release|Any CPU.ActiveCfg = Release|Any CPU
		{489BBDFC-FFE6-42D1-AA7F-1AED93332624}.Release|Any CPU.Build.0 = Release|Any CPU
	EndGlobalSection
	GlobalSection(SolutionProperties) = preSolution
		HideSolutionNode = FALSE
	EndGlobalSection
EndGlobal
